
Microsoft Visual Studio Solution File, Format Version 12.00
# Visual Studio Version 16
VisualStudioVersion = 16.0.32929.386
MinimumVisualStudioVersion = 10.0.40219.1
Project("{F184B08F-C81C-45F6-A57F-5ABD9991F28F}") = "checkConnectionMysql", "checkConnectionMysql.vbproj", "{70861123-CAD7-464F-B1BC-D29A24057DB3}"
EndProject
Global
	GlobalSection(SolutionConfigurationPlatforms) = preSolution
		Debug|Any CPU = Debug|Any CPU
		Release|Any CPU = Release|Any CPU
	EndGlobalSection
	GlobalSection(ProjectConfigurationPlatforms) = postSolution
		{70861123-CAD7-464F-B1BC-D29A24057DB3}.Debug|Any CPU.ActiveCfg = Debug|Any CPU
		{70861123-CAD7-464F-B1BC-D29A24057DB3}.Debug|Any CPU.Build.0 = Debug|Any CPU
		{70861123-CAD7-464F-B1BC-D29A24057DB3}.Release|Any CPU.ActiveCfg = Release|Any CPU
		{70861123-CAD7-464F-B1BC-D29A24057DB3}.Release|Any CPU.Build.0 = Release|Any CPU
	EndGlobalSection
	GlobalSection(SolutionProperties) = preSolution
		HideSolutionNode = FALSE
	EndGlobalSection
	GlobalSection(ExtensibilityGlobals) = postSolution
		SolutionGuid = {14C83422-4DD0-42CC-80EA-C70A901BECD5}
	EndGlobalSection
EndGlobal
